
Microsoft Visual Studio Solution File, Format Version 12.00
# Visual Studio Version 16
VisualStudioVersion = 16.0.31321.278
MinimumVisualStudioVersion = 10.0.40219.1
Project("{FAE04EC0-301F-11D3-BF4B-00C04F79EFBC}") = "TeamInternational", "TeamInternational\TeamInternational.csproj", "{A5A0C603-723C-419F-A32A-AD5625370221}"
EndProject
Global
	GlobalSection(SolutionConfigurationPlatforms) = preSolution
		Debug|Any CPU = Debug|Any CPU
		Release|Any CPU = Release|Any CPU
	EndGlobalSection
	GlobalSection(ProjectConfigurationPlatforms) = postSolution
		{A5A0C603-723C-419F-A32A-AD5625370221}.Debug|Any CPU.ActiveCfg = Debug|Any CPU
		{A5A0C603-723C-419F-A32A-AD5625370221}.Debug|Any CPU.Build.0 = Debug|Any CPU
		{A5A0C603-723C-419F-A32A-AD5625370221}.Release|Any CPU.ActiveCfg = Release|Any CPU
		{A5A0C603-723C-419F-A32A-AD5625370221}.Release|Any CPU.Build.0 = Release|Any CPU
	EndGlobalSection
	GlobalSection(SolutionProperties) = preSolution
		HideSolutionNode = FALSE
	EndGlobalSection
	GlobalSection(ExtensibilityGlobals) = postSolution
		SolutionGuid = {A38276D8-FA43-4BE6-B92E-F38D3509F5DD}
	EndGlobalSection
EndGlobal
